
Microsoft Visual Studio Solution File, Format Version 12.00
# Visual Studio Version 17
VisualStudioVersion = 17.13.35605.110 d17.13
MinimumVisualStudioVersion = 10.0.40219.1
Project("{FAE04EC0-301F-11D3-BF4B-00C04F79EFBC}") = "PharmaceuticalManagerBot", "PharmaceuticalManagerBot\PharmaceuticalManagerBot.csproj", "{D993FD47-C215-4597-96AD-008D83A520FE}"
EndProject
Global
	GlobalSection(SolutionConfigurationPlatforms) = preSolution
		Debug|Any CPU = Debug|Any CPU
		Release|Any CPU = Release|Any CPU
	EndGlobalSection
	GlobalSection(ProjectConfigurationPlatforms) = postSolution
		{D993FD47-C215-4597-96AD-008D83A520FE}.Debug|Any CPU.ActiveCfg = Debug|Any CPU
		{D993FD47-C215-4597-96AD-008D83A520FE}.Debug|Any CPU.Build.0 = Debug|Any CPU
		{D993FD47-C215-4597-96AD-008D83A520FE}.Release|Any CPU.ActiveCfg = Release|Any CPU
		{D993FD47-C215-4597-96AD-008D83A520FE}.Release|Any CPU.Build.0 = Release|Any CPU
	EndGlobalSection
	GlobalSection(SolutionProperties) = preSolution
		HideSolutionNode = FALSE
	EndGlobalSection
	GlobalSection(ExtensibilityGlobals) = postSolution
		SolutionGuid = {3A623A46-B335-4BFD-A416-C40D50D6ED12}
	EndGlobalSection
EndGlobal
